
Microsoft Visual Studio Solution File, Format Version 12.00
# Visual Studio Version 17
VisualStudioVersion = 17.11.35208.52
MinimumVisualStudioVersion = 10.0.40219.1
Project("{FAE04EC0-301F-11D3-BF4B-00C04F79EFBC}") = "WebApp.100DaysOfCode", "WebApp.100DaysOfCode\WebApp.100DaysOfCode.csproj", "{B579E927-E1C8-448E-AD49-C0F67A9A8EFD}"
EndProject
Global
	GlobalSection(SolutionConfigurationPlatforms) = preSolution
		Debug|Any CPU = Debug|Any CPU
		Release|Any CPU = Release|Any CPU
	EndGlobalSection
	GlobalSection(ProjectConfigurationPlatforms) = postSolution
		{B579E927-E1C8-448E-AD49-C0F67A9A8EFD}.Debug|Any CPU.ActiveCfg = Debug|Any CPU
		{B579E927-E1C8-448E-AD49-C0F67A9A8EFD}.Debug|Any CPU.Build.0 = Debug|Any CPU
		{B579E927-E1C8-448E-AD49-C0F67A9A8EFD}.Release|Any CPU.ActiveCfg = Release|Any CPU
		{B579E927-E1C8-448E-AD49-C0F67A9A8EFD}.Release|Any CPU.Build.0 = Release|Any CPU
	EndGlobalSection
	GlobalSection(SolutionProperties) = preSolution
		HideSolutionNode = FALSE
	EndGlobalSection
	GlobalSection(ExtensibilityGlobals) = postSolution
		SolutionGuid = {A4F1D156-568D-44D7-93C3-F036E7AB72AA}
	EndGlobalSection
EndGlobal
